
Microsoft Visual Studio Solution File, Format Version 12.00
# Visual Studio Version 16
VisualStudioVersion = 16.0.29230.47
MinimumVisualStudioVersion = 10.0.40219.1
Project("{FAE04EC0-301F-11D3-BF4B-00C04F79EFBC}") = "OPath", "OPath\OPath.csproj", "{AC7AF78A-EEA3-4A2D-9926-B0583C4D079E}"
EndProject
Project("{FAE04EC0-301F-11D3-BF4B-00C04F79EFBC}") = "OPath.TestSuite", "OPath.TestSuite\OPath.TestSuite.csproj", "{89B683A6-3442-4A62-854E-24AB6AB663B7}"
EndProject
Global
	GlobalSection(SolutionConfigurationPlatforms) = preSolution
		Debug|Any CPU = Debug|Any CPU
		Release|Any CPU = Release|Any CPU
	EndGlobalSection
	GlobalSection(ProjectConfigurationPlatforms) = postSolution
		{AC7AF78A-EEA3-4A2D-9926-B0583C4D079E}.Debug|Any CPU.ActiveCfg = Debug|Any CPU
		{AC7AF78A-EEA3-4A2D-9926-B0583C4D079E}.Debug|Any CPU.Build.0 = Debug|Any CPU
		{AC7AF78A-EEA3-4A2D-9926-B0583C4D079E}.Release|Any CPU.ActiveCfg = Release|Any CPU
		{AC7AF78A-EEA3-4A2D-9926-B0583C4D079E}.Release|Any CPU.Build.0 = Release|Any CPU
		{89B683A6-3442-4A62-854E-24AB6AB663B7}.Debug|Any CPU.ActiveCfg = Debug|Any CPU
		{89B683A6-3442-4A62-854E-24AB6AB663B7}.Debug|Any CPU.Build.0 = Debug|Any CPU
		{89B683A6-3442-4A62-854E-24AB6AB663B7}.Release|Any CPU.ActiveCfg = Release|Any CPU
		{89B683A6-3442-4A62-854E-24AB6AB663B7}.Release|Any CPU.Build.0 = Release|Any CPU
	EndGlobalSection
	GlobalSection(SolutionProperties) = preSolution
		HideSolutionNode = FALSE
	EndGlobalSection
	GlobalSection(ExtensibilityGlobals) = postSolution
		SolutionGuid = {3061184B-6C77-416A-A27D-9536C082F2B2}
	EndGlobalSection
EndGlobal
